
Microsoft Visual Studio Solution File, Format Version 12.00
# Visual Studio 15
VisualStudioVersion = 15.0.27130.2024
MinimumVisualStudioVersion = 10.0.40219.1
Project("{8BC9CEB8-8B4A-11D0-8D11-00A0C91BC942}") = "HidGuardian", "sys\HidGuardian.vcxproj", "{09219ACC-89F1-496F-93B8-FEDCA43B030D}"
EndProject
Project("{2150E333-8FDC-42A3-9474-1A3956D46DE8}") = "driver", "driver", "{FE48D457-1D14-4CE0-B86B-768EFC58658D}"
EndProject
Project("{9A19103F-16F7-4668-BE54-9A1E7A4F7556}") = "_build", "build\_build.csproj", "{1BE317EC-8595-46A8-84D7-F628283A45B4}"
EndProject
Global
	GlobalSection(SolutionConfigurationPlatforms) = preSolution
		Debug|Any CPU = Debug|Any CPU
		Debug|ARM = Debug|ARM
		Debug|ARM64 = Debug|ARM64
		Debug|x64 = Debug|x64
		Debug|x86 = Debug|x86
		Release|Any CPU = Release|Any CPU
		Release|ARM = Release|ARM
		Release|ARM64 = Release|ARM64
		Release|x64 = Release|x64
		Release|x86 = Release|x86
	EndGlobalSection
	GlobalSection(ProjectConfigurationPlatforms) = postSolution
		{09219ACC-89F1-496F-93B8-FEDCA43B030D}.Debug|Any CPU.ActiveCfg = Debug|Win32
		{09219ACC-89F1-496F-93B8-FEDCA43B030D}.Debug|ARM.ActiveCfg = Debug|ARM
		{09219ACC-89F1-496F-93B8-FEDCA43B030D}.Debug|ARM.Build.0 = Debug|ARM
		{09219ACC-89F1-496F-93B8-FEDCA43B030D}.Debug|ARM.Deploy.0 = Debug|ARM
		{09219ACC-89F1-496F-93B8-FEDCA43B030D}.Debug|ARM64.ActiveCfg = Debug|ARM64
		{09219ACC-89F1-496F-93B8-FEDCA43B030D}.Debug|ARM64.Build.0 = Debug|ARM64
		{09219ACC-89F1-496F-93B8-FEDCA43B030D}.Debug|ARM64.Deploy.0 = Debug|ARM64
		{09219ACC-89F1-496F-93B8-FEDCA43B030D}.Debug|x64.ActiveCfg = Debug|x64
		{09219ACC-89F1-496F-93B8-FEDCA43B030D}.Debug|x64.Build.0 = Debug|x64
		{09219ACC-89F1-496F-93B8-FEDCA43B030D}.Debug|x64.Deploy.0 = Debug|x64
		{09219ACC-89F1-496F-93B8-FEDCA43B030D}.Debug|x86.ActiveCfg = Debug|Win32
		{09219ACC-89F1-496F-93B8-FEDCA43B030D}.Debug|x86.Build.0 = Debug|Win32
		{09219ACC-89F1-496F-93B8-FEDCA43B030D}.Debug|x86.Deploy.0 = Debug|Win32
		{09219ACC-89F1-496F-93B8-FEDCA43B030D}.Release|Any CPU.ActiveCfg = Release|Win32
		{09219ACC-89F1-496F-93B8-FEDCA43B030D}.Release|ARM.ActiveCfg = Release|ARM
		{09219ACC-89F1-496F-93B8-FEDCA43B030D}.Release|ARM.Build.0 = Release|ARM
		{09219ACC-89F1-496F-93B8-FEDCA43B030D}.Release|ARM.Deploy.0 = Release|ARM
		{09219ACC-89F1-496F-93B8-FEDCA43B030D}.Release|ARM64.ActiveCfg = Release|ARM64
		{09219ACC-89F1-496F-93B8-FEDCA43B030D}.Release|ARM64.Build.0 = Release|ARM64
		{09219ACC-89F1-496F-93B8-FEDCA43B030D}.Release|ARM64.Deploy.0 = Release|ARM64
		{09219ACC-89F1-496F-93B8-FEDCA43B030D}.Release|x64.ActiveCfg = Release|x64
		{09219ACC-89F1-496F-93B8-FEDCA43B030D}.Release|x64.Build.0 = Release|x64
		{09219ACC-89F1-496F-93B8-FEDCA43B030D}.Release|x64.Deploy.0 = Release|x64
		{09219ACC-89F1-496F-93B8-FEDCA43B030D}.Release|x86.ActiveCfg = Release|Win32
		{09219ACC-89F1-496F-93B8-FEDCA43B030D}.Release|x86.Build.0 = Release|Win32
		{09219ACC-89F1-496F-93B8-FEDCA43B030D}.Release|x86.Deploy.0 = Release|Win32
		{1BE317EC-8595-46A8-84D7-F628283A45B4}.Debug|Any CPU.ActiveCfg = Debug|Any CPU
		{1BE317EC-8595-46A8-84D7-F628283A45B4}.Debug|ARM.ActiveCfg = Debug|Any CPU
		{1BE317EC-8595-46A8-84D7-F628283A45B4}.Debug|ARM.Build.0 = Debug|Any CPU
		{1BE317EC-8595-46A8-84D7-F628283A45B4}.Debug|ARM64.ActiveCfg = Debug|Any CPU
		{1BE317EC-8595-46A8-84D7-F628283A45B4}.Debug|ARM64.Build.0 = Debug|Any CPU
		{1BE317EC-8595-46A8-84D7-F628283A45B4}.Debug|x64.ActiveCfg = Debug|Any CPU
		{1BE317EC-8595-46A8-84D7-F628283A45B4}.Debug|x64.Build.0 = Debug|Any CPU
		{1BE317EC-8595-46A8-84D7-F628283A45B4}.Debug|x86.ActiveCfg = Debug|Any CPU
		{1BE317EC-8595-46A8-84D7-F628283A45B4}.Debug|x86.Build.0 = Debug|Any CPU
		{1BE317EC-8595-46A8-84D7-F628283A45B4}.Release|Any CPU.ActiveCfg = Release|Any CPU
		{1BE317EC-8595-46A8-84D7-F628283A45B4}.Release|ARM.ActiveCfg = Release|Any CPU
		{1BE317EC-8595-46A8-84D7-F628283A45B4}.Release|ARM.Build.0 = Release|Any CPU
		{1BE317EC-8595-46A8-84D7-F628283A45B4}.Release|ARM64.ActiveCfg = Release|Any CPU
		{1BE317EC-8595-46A8-84D7-F628283A45B4}.Release|ARM64.Build.0 = Release|Any CPU
		{1BE317EC-8595-46A8-84D7-F628283A45B4}.Release|x64.ActiveCfg = Release|Any CPU
		{1BE317EC-8595-46A8-84D7-F628283A45B4}.Release|x64.Build.0 = Release|Any CPU
		{1BE317EC-8595-46A8-84D7-F628283A45B4}.Release|x86.ActiveCfg = Release|Any CPU
		{1BE317EC-8595-46A8-84D7-F628283A45B4}.Release|x86.Build.0 = Release|Any CPU
	EndGlobalSection
	GlobalSection(SolutionProperties) = preSolution
		HideSolutionNode = FALSE
	EndGlobalSection
	GlobalSection(NestedProjects) = preSolution
		{09219ACC-89F1-496F-93B8-FEDCA43B030D} = {FE48D457-1D14-4CE0-B86B-768EFC58658D}
	EndGlobalSection
	GlobalSection(ExtensibilityGlobals) = postSolution
		SolutionGuid = {58AA2468-29E5-4CF2-B5AE-18BCFF4D76B2}
	EndGlobalSection
EndGlobal
